{
  "name": "entity.position",
  "version": "1.0.0",
  "lockfileVersion": 1,
  "requires": true,
  "dependencies": {
    "component": {
      "version": "git+https://github.com/marchuanv/component.git#e9929ce4701092a66fb5460f886b5f06dd1a7379",
      "from": "git+https://github.com/marchuanv/component.git",
      "requires": {
        "component.secure": "git+https://github.com/marchuanv/component.secure.git",
        "utils": "git+https://github.com/marchuanv/utils.git"
      }
    },
    "component.secure": {
      "version": "git+https://github.com/marchuanv/component.secure.git#e906be543c9d4ed2989c29e31b4a3c7eb6836e7f",
      "from": "git+https://github.com/marchuanv/component.secure.git",
      "requires": {
        "utils": "git+https://github.com/marchuanv/utils.git"
      }
    },
    "messagebus": {
      "version": "git+https://github.com/marchuanv/messagebus.git#b8806adfa223adab498dcd11d1991b9c9186986a",
      "from": "git+https://github.com/marchuanv/messagebus.git",
      "requires": {
        "component": "git+https://github.com/marchuanv/component.git"
      }
    },
    "utils": {
      "version": "git+https://github.com/marchuanv/utils.git#62a67319857700bffa7133faf1eaf26ad9cb0f10",
      "from": "git+https://github.com/marchuanv/utils.git"
    }
  }
}
