{
  "name": "entity.position",
  "version": "1.0.0",
  "lockfileVersion": 1,
  "requires": true,
  "dependencies": {
    "component": {
      "version": "git+https://github.com/marchuanv/component.git#d25507a10ef8fde61719a37dac369cf80c1f4e7b",
      "from": "git+https://github.com/marchuanv/component.git",
      "requires": {
        "component.secure": "git+https://github.com/marchuanv/component.secure.git",
        "logging": "git+https://github.com/marchuanv/logging.git"
      }
    },
    "component.secure": {
      "version": "git+https://github.com/marchuanv/component.secure.git#a5b859925daf0868bf90c1bb015cf19faff9be8c",
      "from": "git+https://github.com/marchuanv/component.secure.git",
      "requires": {
        "logging": "git+https://github.com/marchuanv/logging.git",
        "utils": "git+https://github.com/marchuanv/utils.git"
      }
    },
    "logging": {
      "version": "git+https://github.com/marchuanv/logging.git#3849622e908d38f446fdbe737d105565c88ebef1",
      "from": "git+https://github.com/marchuanv/logging.git",
      "requires": {
        "utils": "git+https://github.com/marchuanv/utils.git"
      }
    },
    "messagebus": {
      "version": "git+https://github.com/marchuanv/messagebus.git#b8806adfa223adab498dcd11d1991b9c9186986a",
      "from": "git+https://github.com/marchuanv/messagebus.git",
      "requires": {
        "component": "git+https://github.com/marchuanv/component.git",
        "logging": "git+https://github.com/marchuanv/logging.git"
      }
    },
    "utils": {
      "version": "git+https://github.com/marchuanv/utils.git#62a67319857700bffa7133faf1eaf26ad9cb0f10",
      "from": "git+https://github.com/marchuanv/utils.git"
    }
  }
}
